
Microsoft Visual Studio Solution File, Format Version 12.00
# Visual Studio Version 17
VisualStudioVersion = 17.0.31903.59
MinimumVisualStudioVersion = 10.0.40219.1
Project("{9A19103F-16F7-4668-BE54-9A1E7A4F7556}") = "Jiro.Api", "Jiro.Api\Jiro.Api.csproj", "{87E048B0-583D-4074-BBD4-FD05083BF728}"
EndProject
Project("{9A19103F-16F7-4668-BE54-9A1E7A4F7556}") = "Jiro.Core", "Jiro.Core\Jiro.Core.csproj", "{A6B68289-90F8-404A-ADF3-A0E7F14F7DE3}"
EndProject
Global
	GlobalSection(SolutionConfigurationPlatforms) = preSolution
		Debug|Any CPU = Debug|Any CPU
		Release|Any CPU = Release|Any CPU
	EndGlobalSection
	GlobalSection(ProjectConfigurationPlatforms) = postSolution
		{87E048B0-583D-4074-BBD4-FD05083BF728}.Debug|Any CPU.ActiveCfg = Debug|Any CPU
		{87E048B0-583D-4074-BBD4-FD05083BF728}.Debug|Any CPU.Build.0 = Debug|Any CPU
		{87E048B0-583D-4074-BBD4-FD05083BF728}.Release|Any CPU.ActiveCfg = Release|Any CPU
		{87E048B0-583D-4074-BBD4-FD05083BF728}.Release|Any CPU.Build.0 = Release|Any CPU
		{A6B68289-90F8-404A-ADF3-A0E7F14F7DE3}.Debug|Any CPU.ActiveCfg = Debug|Any CPU
		{A6B68289-90F8-404A-ADF3-A0E7F14F7DE3}.Debug|Any CPU.Build.0 = Debug|Any CPU
		{A6B68289-90F8-404A-ADF3-A0E7F14F7DE3}.Release|Any CPU.ActiveCfg = Release|Any CPU
		{A6B68289-90F8-404A-ADF3-A0E7F14F7DE3}.Release|Any CPU.Build.0 = Release|Any CPU
		{FE7CEE67-5622-4031-99F7-136694F2820A}.Debug|Any CPU.ActiveCfg = Debug|Any CPU
		{FE7CEE67-5622-4031-99F7-136694F2820A}.Debug|Any CPU.Build.0 = Debug|Any CPU
		{FE7CEE67-5622-4031-99F7-136694F2820A}.Release|Any CPU.ActiveCfg = Release|Any CPU
		{FE7CEE67-5622-4031-99F7-136694F2820A}.Release|Any CPU.Build.0 = Release|Any CPU
	EndGlobalSection
	GlobalSection(SolutionProperties) = preSolution
		HideSolutionNode = FALSE
	EndGlobalSection
	GlobalSection(ExtensibilityGlobals) = postSolution
		SolutionGuid = {2CDF2591-E3C0-4BE3-936C-23EB41B6645D}
	EndGlobalSection
EndGlobal
