
Microsoft Visual Studio Solution File, Format Version 12.00
# Visual Studio Version 17
VisualStudioVersion = 17.0.31903.59
MinimumVisualStudioVersion = 10.0.40219.1
Project("{2150E333-8FDC-42A3-9474-1A3956D46DE8}") = "Jiro.Kernel", "Jiro.Kernel", "{5994A734-3687-48D8-81A3-7488CD5E5B9C}"
EndProject
Project("{9A19103F-16F7-4668-BE54-9A1E7A4F7556}") = "Jiro.Core", "Jiro.Kernel\Jiro.Core\Jiro.Core.csproj", "{BF8258AA-22F1-45EA-A33B-9DF68D03DD1C}"
EndProject
Project("{9A19103F-16F7-4668-BE54-9A1E7A4F7556}") = "Jiro.Infrastructure", "Jiro.Kernel\Jiro.Infrastructure\Jiro.Infrastructure.csproj", "{E9D0BA9F-99A1-4847-A0DA-0466E236D067}"
EndProject
Project("{9A19103F-16F7-4668-BE54-9A1E7A4F7556}") = "Jiro.Tests", "Jiro.Tests\Jiro.Tests.csproj", "{AF5B2B0C-DA19-4255-89C0-052F434EC2A5}"
EndProject
Project("{9A19103F-16F7-4668-BE54-9A1E7A4F7556}") = "Jiro.App", "Jiro.Kernel\Jiro.App\Jiro.App.csproj", "{AE7CDA62-AD19-48D0-AEBC-48FCE5110248}"
EndProject
Project("{2150E333-8FDC-42A3-9474-1A3956D46DE8}") = "Solution Items", "Solution Items", "{B1287EED-A38A-441A-B85A-30D783C60068}"
	ProjectSection(SolutionItems) = preProject
		.editorconfig = .editorconfig
	EndProjectSection
EndProject
Global
	GlobalSection(SolutionConfigurationPlatforms) = preSolution
		Debug|Any CPU = Debug|Any CPU
		Release|Any CPU = Release|Any CPU
	EndGlobalSection
	GlobalSection(ProjectConfigurationPlatforms) = postSolution
		{BF8258AA-22F1-45EA-A33B-9DF68D03DD1C}.Debug|Any CPU.ActiveCfg = Debug|Any CPU
		{BF8258AA-22F1-45EA-A33B-9DF68D03DD1C}.Debug|Any CPU.Build.0 = Debug|Any CPU
		{BF8258AA-22F1-45EA-A33B-9DF68D03DD1C}.Release|Any CPU.ActiveCfg = Release|Any CPU
		{BF8258AA-22F1-45EA-A33B-9DF68D03DD1C}.Release|Any CPU.Build.0 = Release|Any CPU
		{E9D0BA9F-99A1-4847-A0DA-0466E236D067}.Debug|Any CPU.ActiveCfg = Debug|Any CPU
		{E9D0BA9F-99A1-4847-A0DA-0466E236D067}.Debug|Any CPU.Build.0 = Debug|Any CPU
		{E9D0BA9F-99A1-4847-A0DA-0466E236D067}.Release|Any CPU.ActiveCfg = Release|Any CPU
		{E9D0BA9F-99A1-4847-A0DA-0466E236D067}.Release|Any CPU.Build.0 = Release|Any CPU
		{AF5B2B0C-DA19-4255-89C0-052F434EC2A5}.Debug|Any CPU.ActiveCfg = Debug|Any CPU
		{AF5B2B0C-DA19-4255-89C0-052F434EC2A5}.Debug|Any CPU.Build.0 = Debug|Any CPU
		{AF5B2B0C-DA19-4255-89C0-052F434EC2A5}.Release|Any CPU.ActiveCfg = Release|Any CPU
		{AF5B2B0C-DA19-4255-89C0-052F434EC2A5}.Release|Any CPU.Build.0 = Release|Any CPU
		{AE7CDA62-AD19-48D0-AEBC-48FCE5110248}.Debug|Any CPU.ActiveCfg = Debug|Any CPU
		{AE7CDA62-AD19-48D0-AEBC-48FCE5110248}.Debug|Any CPU.Build.0 = Debug|Any CPU
		{AE7CDA62-AD19-48D0-AEBC-48FCE5110248}.Release|Any CPU.ActiveCfg = Release|Any CPU
		{AE7CDA62-AD19-48D0-AEBC-48FCE5110248}.Release|Any CPU.Build.0 = Release|Any CPU
	EndGlobalSection
	GlobalSection(SolutionProperties) = preSolution
		HideSolutionNode = FALSE
	EndGlobalSection
	GlobalSection(NestedProjects) = preSolution
		{BF8258AA-22F1-45EA-A33B-9DF68D03DD1C} = {5994A734-3687-48D8-81A3-7488CD5E5B9C}
		{E9D0BA9F-99A1-4847-A0DA-0466E236D067} = {5994A734-3687-48D8-81A3-7488CD5E5B9C}
		{AE7CDA62-AD19-48D0-AEBC-48FCE5110248} = {5994A734-3687-48D8-81A3-7488CD5E5B9C}
	EndGlobalSection
	GlobalSection(ExtensibilityGlobals) = postSolution
		SolutionGuid = {C92721CD-23B7-4EFC-BB0D-788D5D8BEA3A}
	EndGlobalSection
EndGlobal
